
Microsoft Visual Studio Solution File, Format Version 12.00
# Visual Studio Version 17
VisualStudioVersion = 17.7.34031.279
MinimumVisualStudioVersion = 10.0.40219.1
Project("{FAE04EC0-301F-11D3-BF4B-00C04F79EFBC}") = "SocialAPI", "SocialAPI.csproj", "{A1FBB180-B734-4A3E-A131-103955562E76}"
EndProject
Global
	GlobalSection(SolutionConfigurationPlatforms) = preSolution
		Debug|Any CPU = Debug|Any CPU
		Release|Any CPU = Release|Any CPU
	EndGlobalSection
	GlobalSection(ProjectConfigurationPlatforms) = postSolution
		{A1FBB180-B734-4A3E-A131-103955562E76}.Debug|Any CPU.ActiveCfg = Debug|Any CPU
		{A1FBB180-B734-4A3E-A131-103955562E76}.Debug|Any CPU.Build.0 = Debug|Any CPU
		{A1FBB180-B734-4A3E-A131-103955562E76}.Release|Any CPU.ActiveCfg = Release|Any CPU
		{A1FBB180-B734-4A3E-A131-103955562E76}.Release|Any CPU.Build.0 = Release|Any CPU
	EndGlobalSection
	GlobalSection(SolutionProperties) = preSolution
		HideSolutionNode = FALSE
	EndGlobalSection
	GlobalSection(ExtensibilityGlobals) = postSolution
		SolutionGuid = {296F5E01-28D9-4A18-913F-A548E2CD3952}
	EndGlobalSection
EndGlobal
